
Microsoft Visual Studio Solution File, Format Version 12.00
# Visual Studio Version 17
VisualStudioVersion = 17.4.33213.308
MinimumVisualStudioVersion = 10.0.40219.1
Project("{FAE04EC0-301F-11D3-BF4B-00C04F79EFBC}") = "WCF_Service", "WCF_Service\WCF_Service.csproj", "{E20C8D9A-C612-4CCD-94D5-DDFCF914303D}"
EndProject
Project("{FAE04EC0-301F-11D3-BF4B-00C04F79EFBC}") = "Interfaces", "Interfaces\Interfaces.csproj", "{6E1D608F-87E7-45B5-ACC0-90A1C6377107}"
EndProject
Project("{FAE04EC0-301F-11D3-BF4B-00C04F79EFBC}") = "WCF_Console_Client", "WCF_Console_Client\WCF_Console_Client.csproj", "{E1A5181E-14EF-44CE-9B9E-EE1459838FAC}"
EndProject
Project("{2150E333-8FDC-42A3-9474-1A3956D46DE8}") = "Interfaces", "Interfaces", "{6867CA66-141F-4BEB-BE67-619805970A01}"
EndProject
Project("{930C7802-8A8C-48F9-8165-68863BCCD9DD}") = "WCFServiceSetup", "WCF_ServiceSetup\WCFServiceSetup.wixproj", "{5B5548A1-346D-45C8-87F3-5FCB0AC03DE8}"
	ProjectSection(ProjectDependencies) = postProject
		{091B0D42-A6BA-438A-AB5F-3CC6ED41999F} = {091B0D42-A6BA-438A-AB5F-3CC6ED41999F}
		{6E1D608F-87E7-45B5-ACC0-90A1C6377107} = {6E1D608F-87E7-45B5-ACC0-90A1C6377107}
		{E20C8D9A-C612-4CCD-94D5-DDFCF914303D} = {E20C8D9A-C612-4CCD-94D5-DDFCF914303D}
	EndProjectSection
EndProject
Project("{FAE04EC0-301F-11D3-BF4B-00C04F79EFBC}") = "ReadConfiguration", "ReadConfiguration\ReadConfiguration.csproj", "{091B0D42-A6BA-438A-AB5F-3CC6ED41999F}"
EndProject
Project("{2150E333-8FDC-42A3-9474-1A3956D46DE8}") = "Installer", "Installer", "{A9EECB2D-BC87-477E-9D08-282382791E99}"
EndProject
Project("{2150E333-8FDC-42A3-9474-1A3956D46DE8}") = "Trash", "Trash", "{24153D47-2057-4C74-B05D-078C5372FDA7}"
EndProject
Project("{2150E333-8FDC-42A3-9474-1A3956D46DE8}") = "Service", "Service", "{A58DF7D2-B64C-46D4-8440-68FC2DCC13B3}"
EndProject
Project("{FAE04EC0-301F-11D3-BF4B-00C04F79EFBC}") = "WCFWindowsFormsClient", "WCFWindowsFormsClient\WCFWindowsFormsClient.csproj", "{3A9594A7-3409-4887-B4D6-BBA2961FBBC6}"
EndProject
Project("{00D1A9C2-B5F0-4AF3-8072-F6C62B433612}") = "DataBase", "DataBase\DataBase.sqlproj", "{6F873CBC-5D8C-4700-B8F7-884C6C44519A}"
EndProject
Project("{FAE04EC0-301F-11D3-BF4B-00C04F79EFBC}") = "ImportService", "ImportService\ImportService.csproj", "{6A2023FB-600F-4D2B-9096-902D6F64484E}"
EndProject
Project("{FAE04EC0-301F-11D3-BF4B-00C04F79EFBC}") = "CSV_Inegration", "CSV_Inegration\CSV_Inegration.csproj", "{1CDA00A0-C5CB-4F6C-9239-6705EAAD48E1}"
EndProject
Project("{2150E333-8FDC-42A3-9474-1A3956D46DE8}") = "ServiceSample", "ServiceSample", "{1778C4D3-B076-4719-8FFC-9A63AD5EDAC5}"
EndProject
Project("{FAE04EC0-301F-11D3-BF4B-00C04F79EFBC}") = "CollectionService", "CollectionService\CollectionService.csproj", "{141F38EC-B1A4-4E48-94C8-B615B097B107}"
EndProject
Project("{2150E333-8FDC-42A3-9474-1A3956D46DE8}") = "ClientSample", "ClientSample", "{FB21D590-E87E-4D99-84BE-74C9523C5347}"
EndProject
Project("{FAE04EC0-301F-11D3-BF4B-00C04F79EFBC}") = "Collection_Console_Client", "Collection_Console_Client\Collection_Console_Client.csproj", "{FA7FBD0F-2FF3-4DCC-9E58-3A80DD5550B4}"
EndProject
Project("{2150E333-8FDC-42A3-9474-1A3956D46DE8}") = "Solution Items", "Solution Items", "{94EFCDB5-2C63-4147-B804-F86AD65566A3}"
	ProjectSection(SolutionItems) = preProject
		.gitignore = .gitignore
	EndProjectSection
EndProject
Global
	GlobalSection(SolutionConfigurationPlatforms) = preSolution
		Debug|Any CPU = Debug|Any CPU
		Debug|x86 = Debug|x86
		Release|Any CPU = Release|Any CPU
		Release|x86 = Release|x86
	EndGlobalSection
	GlobalSection(ProjectConfigurationPlatforms) = postSolution
		{E20C8D9A-C612-4CCD-94D5-DDFCF914303D}.Debug|Any CPU.ActiveCfg = Debug|Any CPU
		{E20C8D9A-C612-4CCD-94D5-DDFCF914303D}.Debug|Any CPU.Build.0 = Debug|Any CPU
		{E20C8D9A-C612-4CCD-94D5-DDFCF914303D}.Debug|x86.ActiveCfg = Debug|Any CPU
		{E20C8D9A-C612-4CCD-94D5-DDFCF914303D}.Debug|x86.Build.0 = Debug|Any CPU
		{E20C8D9A-C612-4CCD-94D5-DDFCF914303D}.Release|Any CPU.ActiveCfg = Release|Any CPU
		{E20C8D9A-C612-4CCD-94D5-DDFCF914303D}.Release|Any CPU.Build.0 = Release|Any CPU
		{E20C8D9A-C612-4CCD-94D5-DDFCF914303D}.Release|x86.ActiveCfg = Release|Any CPU
		{E20C8D9A-C612-4CCD-94D5-DDFCF914303D}.Release|x86.Build.0 = Release|Any CPU
		{6E1D608F-87E7-45B5-ACC0-90A1C6377107}.Debug|Any CPU.ActiveCfg = Debug|Any CPU
		{6E1D608F-87E7-45B5-ACC0-90A1C6377107}.Debug|Any CPU.Build.0 = Debug|Any CPU
		{6E1D608F-87E7-45B5-ACC0-90A1C6377107}.Debug|x86.ActiveCfg = Debug|Any CPU
		{6E1D608F-87E7-45B5-ACC0-90A1C6377107}.Debug|x86.Build.0 = Debug|Any CPU
		{6E1D608F-87E7-45B5-ACC0-90A1C6377107}.Release|Any CPU.ActiveCfg = Release|Any CPU
		{6E1D608F-87E7-45B5-ACC0-90A1C6377107}.Release|Any CPU.Build.0 = Release|Any CPU
		{6E1D608F-87E7-45B5-ACC0-90A1C6377107}.Release|x86.ActiveCfg = Release|Any CPU
		{6E1D608F-87E7-45B5-ACC0-90A1C6377107}.Release|x86.Build.0 = Release|Any CPU
		{E1A5181E-14EF-44CE-9B9E-EE1459838FAC}.Debug|Any CPU.ActiveCfg = Debug|Any CPU
		{E1A5181E-14EF-44CE-9B9E-EE1459838FAC}.Debug|Any CPU.Build.0 = Debug|Any CPU
		{E1A5181E-14EF-44CE-9B9E-EE1459838FAC}.Debug|x86.ActiveCfg = Debug|Any CPU
		{E1A5181E-14EF-44CE-9B9E-EE1459838FAC}.Debug|x86.Build.0 = Debug|Any CPU
		{E1A5181E-14EF-44CE-9B9E-EE1459838FAC}.Release|Any CPU.ActiveCfg = Release|Any CPU
		{E1A5181E-14EF-44CE-9B9E-EE1459838FAC}.Release|Any CPU.Build.0 = Release|Any CPU
		{E1A5181E-14EF-44CE-9B9E-EE1459838FAC}.Release|x86.ActiveCfg = Release|Any CPU
		{E1A5181E-14EF-44CE-9B9E-EE1459838FAC}.Release|x86.Build.0 = Release|Any CPU
		{5B5548A1-346D-45C8-87F3-5FCB0AC03DE8}.Debug|Any CPU.ActiveCfg = Debug|x86
		{5B5548A1-346D-45C8-87F3-5FCB0AC03DE8}.Debug|Any CPU.Build.0 = Debug|x86
		{5B5548A1-346D-45C8-87F3-5FCB0AC03DE8}.Debug|x86.ActiveCfg = Debug|x86
		{5B5548A1-346D-45C8-87F3-5FCB0AC03DE8}.Debug|x86.Build.0 = Debug|x86
		{5B5548A1-346D-45C8-87F3-5FCB0AC03DE8}.Release|Any CPU.ActiveCfg = Release|x86
		{5B5548A1-346D-45C8-87F3-5FCB0AC03DE8}.Release|Any CPU.Build.0 = Release|x86
		{5B5548A1-346D-45C8-87F3-5FCB0AC03DE8}.Release|x86.ActiveCfg = Release|x86
		{5B5548A1-346D-45C8-87F3-5FCB0AC03DE8}.Release|x86.Build.0 = Release|x86
		{091B0D42-A6BA-438A-AB5F-3CC6ED41999F}.Debug|Any CPU.ActiveCfg = Debug|x86
		{091B0D42-A6BA-438A-AB5F-3CC6ED41999F}.Debug|Any CPU.Build.0 = Debug|x86
		{091B0D42-A6BA-438A-AB5F-3CC6ED41999F}.Debug|x86.ActiveCfg = Debug|x86
		{091B0D42-A6BA-438A-AB5F-3CC6ED41999F}.Debug|x86.Build.0 = Debug|x86
		{091B0D42-A6BA-438A-AB5F-3CC6ED41999F}.Release|Any CPU.ActiveCfg = Release|x86
		{091B0D42-A6BA-438A-AB5F-3CC6ED41999F}.Release|Any CPU.Build.0 = Release|x86
		{091B0D42-A6BA-438A-AB5F-3CC6ED41999F}.Release|x86.ActiveCfg = Release|x86
		{091B0D42-A6BA-438A-AB5F-3CC6ED41999F}.Release|x86.Build.0 = Release|x86
		{3A9594A7-3409-4887-B4D6-BBA2961FBBC6}.Debug|Any CPU.ActiveCfg = Debug|Any CPU
		{3A9594A7-3409-4887-B4D6-BBA2961FBBC6}.Debug|Any CPU.Build.0 = Debug|Any CPU
		{3A9594A7-3409-4887-B4D6-BBA2961FBBC6}.Debug|x86.ActiveCfg = Debug|Any CPU
		{3A9594A7-3409-4887-B4D6-BBA2961FBBC6}.Debug|x86.Build.0 = Debug|Any CPU
		{3A9594A7-3409-4887-B4D6-BBA2961FBBC6}.Release|Any CPU.ActiveCfg = Release|Any CPU
		{3A9594A7-3409-4887-B4D6-BBA2961FBBC6}.Release|Any CPU.Build.0 = Release|Any CPU
		{3A9594A7-3409-4887-B4D6-BBA2961FBBC6}.Release|x86.ActiveCfg = Release|Any CPU
		{3A9594A7-3409-4887-B4D6-BBA2961FBBC6}.Release|x86.Build.0 = Release|Any CPU
		{6F873CBC-5D8C-4700-B8F7-884C6C44519A}.Debug|Any CPU.ActiveCfg = Debug|Any CPU
		{6F873CBC-5D8C-4700-B8F7-884C6C44519A}.Debug|Any CPU.Build.0 = Debug|Any CPU
		{6F873CBC-5D8C-4700-B8F7-884C6C44519A}.Debug|Any CPU.Deploy.0 = Debug|Any CPU
		{6F873CBC-5D8C-4700-B8F7-884C6C44519A}.Debug|x86.ActiveCfg = Debug|Any CPU
		{6F873CBC-5D8C-4700-B8F7-884C6C44519A}.Debug|x86.Build.0 = Debug|Any CPU
		{6F873CBC-5D8C-4700-B8F7-884C6C44519A}.Debug|x86.Deploy.0 = Debug|Any CPU
		{6F873CBC-5D8C-4700-B8F7-884C6C44519A}.Release|Any CPU.ActiveCfg = Release|Any CPU
		{6F873CBC-5D8C-4700-B8F7-884C6C44519A}.Release|Any CPU.Build.0 = Release|Any CPU
		{6F873CBC-5D8C-4700-B8F7-884C6C44519A}.Release|Any CPU.Deploy.0 = Release|Any CPU
		{6F873CBC-5D8C-4700-B8F7-884C6C44519A}.Release|x86.ActiveCfg = Release|Any CPU
		{6F873CBC-5D8C-4700-B8F7-884C6C44519A}.Release|x86.Build.0 = Release|Any CPU
		{6F873CBC-5D8C-4700-B8F7-884C6C44519A}.Release|x86.Deploy.0 = Release|Any CPU
		{6A2023FB-600F-4D2B-9096-902D6F64484E}.Debug|Any CPU.ActiveCfg = Debug|Any CPU
		{6A2023FB-600F-4D2B-9096-902D6F64484E}.Debug|Any CPU.Build.0 = Debug|Any CPU
		{6A2023FB-600F-4D2B-9096-902D6F64484E}.Debug|x86.ActiveCfg = Debug|Any CPU
		{6A2023FB-600F-4D2B-9096-902D6F64484E}.Debug|x86.Build.0 = Debug|Any CPU
		{6A2023FB-600F-4D2B-9096-902D6F64484E}.Release|Any CPU.ActiveCfg = Release|Any CPU
		{6A2023FB-600F-4D2B-9096-902D6F64484E}.Release|Any CPU.Build.0 = Release|Any CPU
		{6A2023FB-600F-4D2B-9096-902D6F64484E}.Release|x86.ActiveCfg = Release|Any CPU
		{6A2023FB-600F-4D2B-9096-902D6F64484E}.Release|x86.Build.0 = Release|Any CPU
		{1CDA00A0-C5CB-4F6C-9239-6705EAAD48E1}.Debug|Any CPU.ActiveCfg = Debug|Any CPU
		{1CDA00A0-C5CB-4F6C-9239-6705EAAD48E1}.Debug|Any CPU.Build.0 = Debug|Any CPU
		{1CDA00A0-C5CB-4F6C-9239-6705EAAD48E1}.Debug|x86.ActiveCfg = Debug|Any CPU
		{1CDA00A0-C5CB-4F6C-9239-6705EAAD48E1}.Debug|x86.Build.0 = Debug|Any CPU
		{1CDA00A0-C5CB-4F6C-9239-6705EAAD48E1}.Release|Any CPU.ActiveCfg = Release|Any CPU
		{1CDA00A0-C5CB-4F6C-9239-6705EAAD48E1}.Release|Any CPU.Build.0 = Release|Any CPU
		{1CDA00A0-C5CB-4F6C-9239-6705EAAD48E1}.Release|x86.ActiveCfg = Release|Any CPU
		{1CDA00A0-C5CB-4F6C-9239-6705EAAD48E1}.Release|x86.Build.0 = Release|Any CPU
		{141F38EC-B1A4-4E48-94C8-B615B097B107}.Debug|Any CPU.ActiveCfg = Debug|Any CPU
		{141F38EC-B1A4-4E48-94C8-B615B097B107}.Debug|Any CPU.Build.0 = Debug|Any CPU
		{141F38EC-B1A4-4E48-94C8-B615B097B107}.Debug|x86.ActiveCfg = Debug|Any CPU
		{141F38EC-B1A4-4E48-94C8-B615B097B107}.Debug|x86.Build.0 = Debug|Any CPU
		{141F38EC-B1A4-4E48-94C8-B615B097B107}.Release|Any CPU.ActiveCfg = Release|Any CPU
		{141F38EC-B1A4-4E48-94C8-B615B097B107}.Release|Any CPU.Build.0 = Release|Any CPU
		{141F38EC-B1A4-4E48-94C8-B615B097B107}.Release|x86.ActiveCfg = Release|Any CPU
		{141F38EC-B1A4-4E48-94C8-B615B097B107}.Release|x86.Build.0 = Release|Any CPU
		{FA7FBD0F-2FF3-4DCC-9E58-3A80DD5550B4}.Debug|Any CPU.ActiveCfg = Debug|Any CPU
		{FA7FBD0F-2FF3-4DCC-9E58-3A80DD5550B4}.Debug|Any CPU.Build.0 = Debug|Any CPU
		{FA7FBD0F-2FF3-4DCC-9E58-3A80DD5550B4}.Debug|x86.ActiveCfg = Debug|Any CPU
		{FA7FBD0F-2FF3-4DCC-9E58-3A80DD5550B4}.Debug|x86.Build.0 = Debug|Any CPU
		{FA7FBD0F-2FF3-4DCC-9E58-3A80DD5550B4}.Release|Any CPU.ActiveCfg = Release|Any CPU
		{FA7FBD0F-2FF3-4DCC-9E58-3A80DD5550B4}.Release|Any CPU.Build.0 = Release|Any CPU
		{FA7FBD0F-2FF3-4DCC-9E58-3A80DD5550B4}.Release|x86.ActiveCfg = Release|Any CPU
		{FA7FBD0F-2FF3-4DCC-9E58-3A80DD5550B4}.Release|x86.Build.0 = Release|Any CPU
	EndGlobalSection
	GlobalSection(SolutionProperties) = preSolution
		HideSolutionNode = FALSE
	EndGlobalSection
	GlobalSection(NestedProjects) = preSolution
		{E20C8D9A-C612-4CCD-94D5-DDFCF914303D} = {1778C4D3-B076-4719-8FFC-9A63AD5EDAC5}
		{6E1D608F-87E7-45B5-ACC0-90A1C6377107} = {6867CA66-141F-4BEB-BE67-619805970A01}
		{E1A5181E-14EF-44CE-9B9E-EE1459838FAC} = {FB21D590-E87E-4D99-84BE-74C9523C5347}
		{5B5548A1-346D-45C8-87F3-5FCB0AC03DE8} = {A9EECB2D-BC87-477E-9D08-282382791E99}
		{091B0D42-A6BA-438A-AB5F-3CC6ED41999F} = {A9EECB2D-BC87-477E-9D08-282382791E99}
		{3A9594A7-3409-4887-B4D6-BBA2961FBBC6} = {FB21D590-E87E-4D99-84BE-74C9523C5347}
		{6A2023FB-600F-4D2B-9096-902D6F64484E} = {A58DF7D2-B64C-46D4-8440-68FC2DCC13B3}
		{1CDA00A0-C5CB-4F6C-9239-6705EAAD48E1} = {A58DF7D2-B64C-46D4-8440-68FC2DCC13B3}
		{141F38EC-B1A4-4E48-94C8-B615B097B107} = {1778C4D3-B076-4719-8FFC-9A63AD5EDAC5}
		{FA7FBD0F-2FF3-4DCC-9E58-3A80DD5550B4} = {FB21D590-E87E-4D99-84BE-74C9523C5347}
	EndGlobalSection
	GlobalSection(ExtensibilityGlobals) = postSolution
		SolutionGuid = {CA621CB6-E7BB-4056-8F72-04F901972F29}
	EndGlobalSection
EndGlobal
